
Microsoft Visual Studio Solution File, Format Version 12.00
# Visual Studio 14
VisualStudioVersion = 14.0.25420.1
MinimumVisualStudioVersion = 10.0.40219.1
Project("{2150E333-8FDC-42A3-9474-1A3956D46DE8}") = "CodeAgon", "CodeAgon", "{E833F996-A015-45A4-9649-89F39AC82E5A}"
EndProject
Project("{FAE04EC0-301F-11D3-BF4B-00C04F79EFBC}") = "back-to-origin", "back-to-origin\back-to-origin.csproj", "{C9CC1561-7AF8-4EC8-B4AF-CE5A584D99A7}"
EndProject
Project("{FAE04EC0-301F-11D3-BF4B-00C04F79EFBC}") = "matchstick-warehouse-thief", "matchstick-warehouse-thief\matchstick-warehouse-thief.csproj", "{0C131D6C-DBFC-4EB9-A6E2-0BDEAECE46A4}"
EndProject
Project("{FAE04EC0-301F-11D3-BF4B-00C04F79EFBC}") = "dependency-hell", "elemental-orbs\dependency-hell.csproj", "{3E93B0DF-F1D8-4EAD-86D2-D19A7B66ACE6}"
EndProject
Project("{2150E333-8FDC-42A3-9474-1A3956D46DE8}") = "world-codesprint-9", "world-codesprint-9", "{4C311640-5713-47C8-9E35-43392B46E253}"
EndProject
Project("{FAE04EC0-301F-11D3-BF4B-00C04F79EFBC}") = "grading", "grading\grading.csproj", "{A8BA5965-E2FA-4AB7-BD3B-D5C211096EE1}"
EndProject
Project("{FAE04EC0-301F-11D3-BF4B-00C04F79EFBC}") = "weighted-uniform-string", "weighted-uniform-string\weighted-uniform-string.csproj", "{9BBFA322-83FA-40F3-8CFE-2E0759B39AF5}"
EndProject
Project("{FAE04EC0-301F-11D3-BF4B-00C04F79EFBC}") = "queens-attack-2", "queens-attack-2\queens-attack-2.csproj", "{48780131-05BA-4392-9B89-FC66A063D16F}"
EndProject
Project("{FAE04EC0-301F-11D3-BF4B-00C04F79EFBC}") = "kingdom-division", "kingdom-division\kingdom-division.csproj", "{AE0364CF-719C-4AB7-A927-1C812742E43F}"
EndProject
Project("{2150E333-8FDC-42A3-9474-1A3956D46DE8}") = "101hack45", "101hack45", "{191167F2-A214-4E84-AB44-A3F81643DA76}"
EndProject
Project("{FAE04EC0-301F-11D3-BF4B-00C04F79EFBC}") = "permutation-equation", "permutation-equation\permutation-equation.csproj", "{3E754318-6E1C-487F-8C92-E0E0BFB7204D}"
EndProject
Project("{FAE04EC0-301F-11D3-BF4B-00C04F79EFBC}") = "mlp", "mlp\mlp.csproj", "{085936EE-2C69-431E-BC78-F700FADC326A}"
EndProject
Project("{FAE04EC0-301F-11D3-BF4B-00C04F79EFBC}") = "the-chosen-one", "the-chosen-one\the-chosen-one.csproj", "{6110CC1C-DE9C-4108-92EA-B98C81C3BB3C}"
EndProject
Project("{2150E333-8FDC-42A3-9474-1A3956D46DE8}") = "hourrank-17", "hourrank-17", "{F77EB9F6-9F58-41B8-9A7D-010B0D4D1251}"
EndProject
Project("{FAE04EC0-301F-11D3-BF4B-00C04F79EFBC}") = "the-hurdle-race", "the-hurdle-race\the-hurdle-race.csproj", "{9E7BDA3D-1201-49A7-9A23-226088F89B72}"
EndProject
Project("{2150E333-8FDC-42A3-9474-1A3956D46DE8}") = "rookierank-2", "rookierank-2", "{BC44E501-24AC-4744-8EA8-C7FA83BD0E2F}"
EndProject
Project("{FAE04EC0-301F-11D3-BF4B-00C04F79EFBC}") = "migratory-birds", "migratory-birds\migratory-birds.csproj", "{D8CCF439-4DC3-4A18-A332-2EBE6E7B373B}"
EndProject
Project("{FAE04EC0-301F-11D3-BF4B-00C04F79EFBC}") = "minimum-absolute-difference-in-an-array", "minimum-absolute-difference-in-an-array\minimum-absolute-difference-in-an-array.csproj", "{347FB27A-67BA-4AA9-AE46-F8FA28E2EF7C}"
EndProject
Project("{FAE04EC0-301F-11D3-BF4B-00C04F79EFBC}") = "hackerrank-in-a-string", "hackerrank-in-a-string\hackerrank-in-a-string.csproj", "{8587862D-9E60-4074-A502-95F404561DB0}"
EndProject
Project("{FAE04EC0-301F-11D3-BF4B-00C04F79EFBC}") = "knightl-on-chessboard", "knightl-on-chessboard\knightl-on-chessboard.csproj", "{85A17D60-A77A-4538-B121-AEAB489C3877}"
EndProject
Project("{2150E333-8FDC-42A3-9474-1A3956D46DE8}") = "w29", "w29", "{42BD8119-43F2-442B-91A1-D179D020627E}"
EndProject
Project("{FAE04EC0-301F-11D3-BF4B-00C04F79EFBC}") = "day-of-the-programmer", "day-of-the-programmer\day-of-the-programmer.csproj", "{74E4A628-495F-46E0-B98A-92D2F19E52F5}"
EndProject
Project("{FAE04EC0-301F-11D3-BF4B-00C04F79EFBC}") = "big-sorting", "big-sorting\big-sorting.csproj", "{86348987-F8A7-4126-9516-55830DBB04E0}"
EndProject
Project("{2150E333-8FDC-42A3-9474-1A3956D46DE8}") = "projecteuler", "projecteuler", "{C6A24FBC-9038-4AFF-94CC-47F808D512E8}"
EndProject
Project("{FAE04EC0-301F-11D3-BF4B-00C04F79EFBC}") = "euler168_NumberRotations", "euler168_NumberRotations\euler168_NumberRotations.csproj", "{D6FF0D91-AB0C-4782-8254-80996C1A690A}"
EndProject
Project("{2150E333-8FDC-42A3-9474-1A3956D46DE8}") = "university-codesprint-2", "university-codesprint-2", "{F5D81877-B764-48D8-A0DB-7B71D689F11F}"
EndProject
Project("{FAE04EC0-301F-11D3-BF4B-00C04F79EFBC}") = "breaking-best-and-worst-records", "breaking-best-and-worst-records\breaking-best-and-worst-records.csproj", "{769FFD39-73DA-437E-8526-F977FDAED3AA}"
EndProject
Project("{FAE04EC0-301F-11D3-BF4B-00C04F79EFBC}") = "separate-the-numbers", "separate-the-numbers\separate-the-numbers.csproj", "{6EB43B4E-CDFD-4157-87AE-CF96CA89FE8B}"
EndProject
Project("{FAE04EC0-301F-11D3-BF4B-00C04F79EFBC}") = "game-of-two-stacks", "game-of-two-stacks\game-of-two-stacks.csproj", "{DE0A1E02-76C5-4ADE-9990-77D832A2192F}"
EndProject
Global
	GlobalSection(SolutionConfigurationPlatforms) = preSolution
		Debug|Any CPU = Debug|Any CPU
		Release|Any CPU = Release|Any CPU
	EndGlobalSection
	GlobalSection(ProjectConfigurationPlatforms) = postSolution
		{C9CC1561-7AF8-4EC8-B4AF-CE5A584D99A7}.Debug|Any CPU.ActiveCfg = Debug|Any CPU
		{C9CC1561-7AF8-4EC8-B4AF-CE5A584D99A7}.Debug|Any CPU.Build.0 = Debug|Any CPU
		{C9CC1561-7AF8-4EC8-B4AF-CE5A584D99A7}.Release|Any CPU.ActiveCfg = Release|Any CPU
		{C9CC1561-7AF8-4EC8-B4AF-CE5A584D99A7}.Release|Any CPU.Build.0 = Release|Any CPU
		{0C131D6C-DBFC-4EB9-A6E2-0BDEAECE46A4}.Debug|Any CPU.ActiveCfg = Debug|Any CPU
		{0C131D6C-DBFC-4EB9-A6E2-0BDEAECE46A4}.Debug|Any CPU.Build.0 = Debug|Any CPU
		{0C131D6C-DBFC-4EB9-A6E2-0BDEAECE46A4}.Release|Any CPU.ActiveCfg = Release|Any CPU
		{0C131D6C-DBFC-4EB9-A6E2-0BDEAECE46A4}.Release|Any CPU.Build.0 = Release|Any CPU
		{3E93B0DF-F1D8-4EAD-86D2-D19A7B66ACE6}.Debug|Any CPU.ActiveCfg = Debug|Any CPU
		{3E93B0DF-F1D8-4EAD-86D2-D19A7B66ACE6}.Debug|Any CPU.Build.0 = Debug|Any CPU
		{3E93B0DF-F1D8-4EAD-86D2-D19A7B66ACE6}.Release|Any CPU.ActiveCfg = Release|Any CPU
		{3E93B0DF-F1D8-4EAD-86D2-D19A7B66ACE6}.Release|Any CPU.Build.0 = Release|Any CPU
		{A8BA5965-E2FA-4AB7-BD3B-D5C211096EE1}.Debug|Any CPU.ActiveCfg = Debug|Any CPU
		{A8BA5965-E2FA-4AB7-BD3B-D5C211096EE1}.Debug|Any CPU.Build.0 = Debug|Any CPU
		{A8BA5965-E2FA-4AB7-BD3B-D5C211096EE1}.Release|Any CPU.ActiveCfg = Release|Any CPU
		{A8BA5965-E2FA-4AB7-BD3B-D5C211096EE1}.Release|Any CPU.Build.0 = Release|Any CPU
		{9BBFA322-83FA-40F3-8CFE-2E0759B39AF5}.Debug|Any CPU.ActiveCfg = Debug|Any CPU
		{9BBFA322-83FA-40F3-8CFE-2E0759B39AF5}.Debug|Any CPU.Build.0 = Debug|Any CPU
		{9BBFA322-83FA-40F3-8CFE-2E0759B39AF5}.Release|Any CPU.ActiveCfg = Release|Any CPU
		{9BBFA322-83FA-40F3-8CFE-2E0759B39AF5}.Release|Any CPU.Build.0 = Release|Any CPU
		{48780131-05BA-4392-9B89-FC66A063D16F}.Debug|Any CPU.ActiveCfg = Debug|Any CPU
		{48780131-05BA-4392-9B89-FC66A063D16F}.Debug|Any CPU.Build.0 = Debug|Any CPU
		{48780131-05BA-4392-9B89-FC66A063D16F}.Release|Any CPU.ActiveCfg = Release|Any CPU
		{48780131-05BA-4392-9B89-FC66A063D16F}.Release|Any CPU.Build.0 = Release|Any CPU
		{AE0364CF-719C-4AB7-A927-1C812742E43F}.Debug|Any CPU.ActiveCfg = Debug|Any CPU
		{AE0364CF-719C-4AB7-A927-1C812742E43F}.Debug|Any CPU.Build.0 = Debug|Any CPU
		{AE0364CF-719C-4AB7-A927-1C812742E43F}.Release|Any CPU.ActiveCfg = Release|Any CPU
		{AE0364CF-719C-4AB7-A927-1C812742E43F}.Release|Any CPU.Build.0 = Release|Any CPU
		{3E754318-6E1C-487F-8C92-E0E0BFB7204D}.Debug|Any CPU.ActiveCfg = Debug|Any CPU
		{3E754318-6E1C-487F-8C92-E0E0BFB7204D}.Debug|Any CPU.Build.0 = Debug|Any CPU
		{3E754318-6E1C-487F-8C92-E0E0BFB7204D}.Release|Any CPU.ActiveCfg = Release|Any CPU
		{3E754318-6E1C-487F-8C92-E0E0BFB7204D}.Release|Any CPU.Build.0 = Release|Any CPU
		{085936EE-2C69-431E-BC78-F700FADC326A}.Debug|Any CPU.ActiveCfg = Debug|Any CPU
		{085936EE-2C69-431E-BC78-F700FADC326A}.Debug|Any CPU.Build.0 = Debug|Any CPU
		{085936EE-2C69-431E-BC78-F700FADC326A}.Release|Any CPU.ActiveCfg = Release|Any CPU
		{085936EE-2C69-431E-BC78-F700FADC326A}.Release|Any CPU.Build.0 = Release|Any CPU
		{6110CC1C-DE9C-4108-92EA-B98C81C3BB3C}.Debug|Any CPU.ActiveCfg = Debug|Any CPU
		{6110CC1C-DE9C-4108-92EA-B98C81C3BB3C}.Debug|Any CPU.Build.0 = Debug|Any CPU
		{6110CC1C-DE9C-4108-92EA-B98C81C3BB3C}.Release|Any CPU.ActiveCfg = Release|Any CPU
		{6110CC1C-DE9C-4108-92EA-B98C81C3BB3C}.Release|Any CPU.Build.0 = Release|Any CPU
		{9E7BDA3D-1201-49A7-9A23-226088F89B72}.Debug|Any CPU.ActiveCfg = Debug|Any CPU
		{9E7BDA3D-1201-49A7-9A23-226088F89B72}.Debug|Any CPU.Build.0 = Debug|Any CPU
		{9E7BDA3D-1201-49A7-9A23-226088F89B72}.Release|Any CPU.ActiveCfg = Release|Any CPU
		{9E7BDA3D-1201-49A7-9A23-226088F89B72}.Release|Any CPU.Build.0 = Release|Any CPU
		{D8CCF439-4DC3-4A18-A332-2EBE6E7B373B}.Debug|Any CPU.ActiveCfg = Debug|Any CPU
		{D8CCF439-4DC3-4A18-A332-2EBE6E7B373B}.Debug|Any CPU.Build.0 = Debug|Any CPU
		{D8CCF439-4DC3-4A18-A332-2EBE6E7B373B}.Release|Any CPU.ActiveCfg = Release|Any CPU
		{D8CCF439-4DC3-4A18-A332-2EBE6E7B373B}.Release|Any CPU.Build.0 = Release|Any CPU
		{347FB27A-67BA-4AA9-AE46-F8FA28E2EF7C}.Debug|Any CPU.ActiveCfg = Debug|Any CPU
		{347FB27A-67BA-4AA9-AE46-F8FA28E2EF7C}.Debug|Any CPU.Build.0 = Debug|Any CPU
		{347FB27A-67BA-4AA9-AE46-F8FA28E2EF7C}.Release|Any CPU.ActiveCfg = Release|Any CPU
		{347FB27A-67BA-4AA9-AE46-F8FA28E2EF7C}.Release|Any CPU.Build.0 = Release|Any CPU
		{8587862D-9E60-4074-A502-95F404561DB0}.Debug|Any CPU.ActiveCfg = Debug|Any CPU
		{8587862D-9E60-4074-A502-95F404561DB0}.Debug|Any CPU.Build.0 = Debug|Any CPU
		{8587862D-9E60-4074-A502-95F404561DB0}.Release|Any CPU.ActiveCfg = Release|Any CPU
		{8587862D-9E60-4074-A502-95F404561DB0}.Release|Any CPU.Build.0 = Release|Any CPU
		{85A17D60-A77A-4538-B121-AEAB489C3877}.Debug|Any CPU.ActiveCfg = Debug|Any CPU
		{85A17D60-A77A-4538-B121-AEAB489C3877}.Debug|Any CPU.Build.0 = Debug|Any CPU
		{85A17D60-A77A-4538-B121-AEAB489C3877}.Release|Any CPU.ActiveCfg = Release|Any CPU
		{85A17D60-A77A-4538-B121-AEAB489C3877}.Release|Any CPU.Build.0 = Release|Any CPU
		{74E4A628-495F-46E0-B98A-92D2F19E52F5}.Debug|Any CPU.ActiveCfg = Debug|Any CPU
		{74E4A628-495F-46E0-B98A-92D2F19E52F5}.Debug|Any CPU.Build.0 = Debug|Any CPU
		{74E4A628-495F-46E0-B98A-92D2F19E52F5}.Release|Any CPU.ActiveCfg = Release|Any CPU
		{74E4A628-495F-46E0-B98A-92D2F19E52F5}.Release|Any CPU.Build.0 = Release|Any CPU
		{86348987-F8A7-4126-9516-55830DBB04E0}.Debug|Any CPU.ActiveCfg = Debug|Any CPU
		{86348987-F8A7-4126-9516-55830DBB04E0}.Debug|Any CPU.Build.0 = Debug|Any CPU
		{86348987-F8A7-4126-9516-55830DBB04E0}.Release|Any CPU.ActiveCfg = Release|Any CPU
		{86348987-F8A7-4126-9516-55830DBB04E0}.Release|Any CPU.Build.0 = Release|Any CPU
		{D6FF0D91-AB0C-4782-8254-80996C1A690A}.Debug|Any CPU.ActiveCfg = Debug|Any CPU
		{D6FF0D91-AB0C-4782-8254-80996C1A690A}.Debug|Any CPU.Build.0 = Debug|Any CPU
		{D6FF0D91-AB0C-4782-8254-80996C1A690A}.Release|Any CPU.ActiveCfg = Release|Any CPU
		{D6FF0D91-AB0C-4782-8254-80996C1A690A}.Release|Any CPU.Build.0 = Release|Any CPU
		{769FFD39-73DA-437E-8526-F977FDAED3AA}.Debug|Any CPU.ActiveCfg = Debug|Any CPU
		{769FFD39-73DA-437E-8526-F977FDAED3AA}.Debug|Any CPU.Build.0 = Debug|Any CPU
		{769FFD39-73DA-437E-8526-F977FDAED3AA}.Release|Any CPU.ActiveCfg = Release|Any CPU
		{769FFD39-73DA-437E-8526-F977FDAED3AA}.Release|Any CPU.Build.0 = Release|Any CPU
		{6EB43B4E-CDFD-4157-87AE-CF96CA89FE8B}.Debug|Any CPU.ActiveCfg = Debug|Any CPU
		{6EB43B4E-CDFD-4157-87AE-CF96CA89FE8B}.Debug|Any CPU.Build.0 = Debug|Any CPU
		{6EB43B4E-CDFD-4157-87AE-CF96CA89FE8B}.Release|Any CPU.ActiveCfg = Release|Any CPU
		{6EB43B4E-CDFD-4157-87AE-CF96CA89FE8B}.Release|Any CPU.Build.0 = Release|Any CPU
		{DE0A1E02-76C5-4ADE-9990-77D832A2192F}.Debug|Any CPU.ActiveCfg = Debug|Any CPU
		{DE0A1E02-76C5-4ADE-9990-77D832A2192F}.Debug|Any CPU.Build.0 = Debug|Any CPU
		{DE0A1E02-76C5-4ADE-9990-77D832A2192F}.Release|Any CPU.ActiveCfg = Release|Any CPU
		{DE0A1E02-76C5-4ADE-9990-77D832A2192F}.Release|Any CPU.Build.0 = Release|Any CPU
	EndGlobalSection
	GlobalSection(SolutionProperties) = preSolution
		HideSolutionNode = FALSE
	EndGlobalSection
	GlobalSection(NestedProjects) = preSolution
		{C9CC1561-7AF8-4EC8-B4AF-CE5A584D99A7} = {E833F996-A015-45A4-9649-89F39AC82E5A}
		{0C131D6C-DBFC-4EB9-A6E2-0BDEAECE46A4} = {E833F996-A015-45A4-9649-89F39AC82E5A}
		{3E93B0DF-F1D8-4EAD-86D2-D19A7B66ACE6} = {E833F996-A015-45A4-9649-89F39AC82E5A}
		{A8BA5965-E2FA-4AB7-BD3B-D5C211096EE1} = {4C311640-5713-47C8-9E35-43392B46E253}
		{9BBFA322-83FA-40F3-8CFE-2E0759B39AF5} = {4C311640-5713-47C8-9E35-43392B46E253}
		{48780131-05BA-4392-9B89-FC66A063D16F} = {4C311640-5713-47C8-9E35-43392B46E253}
		{AE0364CF-719C-4AB7-A927-1C812742E43F} = {4C311640-5713-47C8-9E35-43392B46E253}
		{3E754318-6E1C-487F-8C92-E0E0BFB7204D} = {191167F2-A214-4E84-AB44-A3F81643DA76}
		{085936EE-2C69-431E-BC78-F700FADC326A} = {191167F2-A214-4E84-AB44-A3F81643DA76}
		{6110CC1C-DE9C-4108-92EA-B98C81C3BB3C} = {191167F2-A214-4E84-AB44-A3F81643DA76}
		{9E7BDA3D-1201-49A7-9A23-226088F89B72} = {F77EB9F6-9F58-41B8-9A7D-010B0D4D1251}
		{D8CCF439-4DC3-4A18-A332-2EBE6E7B373B} = {BC44E501-24AC-4744-8EA8-C7FA83BD0E2F}
		{347FB27A-67BA-4AA9-AE46-F8FA28E2EF7C} = {BC44E501-24AC-4744-8EA8-C7FA83BD0E2F}
		{8587862D-9E60-4074-A502-95F404561DB0} = {BC44E501-24AC-4744-8EA8-C7FA83BD0E2F}
		{85A17D60-A77A-4538-B121-AEAB489C3877} = {BC44E501-24AC-4744-8EA8-C7FA83BD0E2F}
		{74E4A628-495F-46E0-B98A-92D2F19E52F5} = {42BD8119-43F2-442B-91A1-D179D020627E}
		{86348987-F8A7-4126-9516-55830DBB04E0} = {42BD8119-43F2-442B-91A1-D179D020627E}
		{D6FF0D91-AB0C-4782-8254-80996C1A690A} = {C6A24FBC-9038-4AFF-94CC-47F808D512E8}
		{769FFD39-73DA-437E-8526-F977FDAED3AA} = {F5D81877-B764-48D8-A0DB-7B71D689F11F}
		{6EB43B4E-CDFD-4157-87AE-CF96CA89FE8B} = {F5D81877-B764-48D8-A0DB-7B71D689F11F}
		{DE0A1E02-76C5-4ADE-9990-77D832A2192F} = {F5D81877-B764-48D8-A0DB-7B71D689F11F}
	EndGlobalSection
EndGlobal
